
Microsoft Visual Studio Solution File, Format Version 12.00
# Visual Studio Version 17
VisualStudioVersion = 17.1.32210.238
MinimumVisualStudioVersion = 10.0.40219.1
Project("{FAE04EC0-301F-11D3-BF4B-00C04F79EFBC}") = "ConsoleApp1", "ConsoleApp1\ConsoleApp1.csproj", "{D424F47C-5440-4B86-8E4C-DB5B8268B2FC}"
EndProject
Global
	GlobalSection(SolutionConfigurationPlatforms) = preSolution
		Debug|Any CPU = Debug|Any CPU
		Release|Any CPU = Release|Any CPU
	EndGlobalSection
	GlobalSection(ProjectConfigurationPlatforms) = postSolution
		{D424F47C-5440-4B86-8E4C-DB5B8268B2FC}.Debug|Any CPU.ActiveCfg = Debug|Any CPU
		{D424F47C-5440-4B86-8E4C-DB5B8268B2FC}.Debug|Any CPU.Build.0 = Debug|Any CPU
		{D424F47C-5440-4B86-8E4C-DB5B8268B2FC}.Release|Any CPU.ActiveCfg = Release|Any CPU
		{D424F47C-5440-4B86-8E4C-DB5B8268B2FC}.Release|Any CPU.Build.0 = Release|Any CPU
	EndGlobalSection
	GlobalSection(SolutionProperties) = preSolution
		HideSolutionNode = FALSE
	EndGlobalSection
	GlobalSection(ExtensibilityGlobals) = postSolution
		SolutionGuid = {B03F40C6-E127-40E2-8717-925DC18ECA9B}
	EndGlobalSection
EndGlobal
