
Microsoft Visual Studio Solution File, Format Version 12.00
# Visual Studio Version 17
VisualStudioVersion = 17.1.32210.238
MinimumVisualStudioVersion = 10.0.40219.1
Project("{FAE04EC0-301F-11D3-BF4B-00C04F79EFBC}") = "StrategyPattern", "StrategyPattern\StrategyPattern.csproj", "{9557D49F-206C-40FA-9180-D59D979E0DEA}"
EndProject
Global
	GlobalSection(SolutionConfigurationPlatforms) = preSolution
		Debug|Any CPU = Debug|Any CPU
		Release|Any CPU = Release|Any CPU
	EndGlobalSection
	GlobalSection(ProjectConfigurationPlatforms) = postSolution
		{9557D49F-206C-40FA-9180-D59D979E0DEA}.Debug|Any CPU.ActiveCfg = Debug|Any CPU
		{9557D49F-206C-40FA-9180-D59D979E0DEA}.Debug|Any CPU.Build.0 = Debug|Any CPU
		{9557D49F-206C-40FA-9180-D59D979E0DEA}.Release|Any CPU.ActiveCfg = Release|Any CPU
		{9557D49F-206C-40FA-9180-D59D979E0DEA}.Release|Any CPU.Build.0 = Release|Any CPU
	EndGlobalSection
	GlobalSection(SolutionProperties) = preSolution
		HideSolutionNode = FALSE
	EndGlobalSection
	GlobalSection(ExtensibilityGlobals) = postSolution
		SolutionGuid = {BE62A327-9FAC-4C57-BCAA-8DD12C1EFCC2}
	EndGlobalSection
EndGlobal
