
Microsoft Visual Studio Solution File, Format Version 12.00
# Visual Studio Version 17
VisualStudioVersion = 17.7.34202.233
MinimumVisualStudioVersion = 10.0.40219.1
Project("{FAE04EC0-301F-11D3-BF4B-00C04F79EFBC}") = "ElevatorDesign", "ElevatorDesign\ElevatorDesign.csproj", "{BF0CF757-E15F-444D-8E30-E12E0AE0DA72}"
EndProject
Global
	GlobalSection(SolutionConfigurationPlatforms) = preSolution
		Debug|Any CPU = Debug|Any CPU
		Release|Any CPU = Release|Any CPU
	EndGlobalSection
	GlobalSection(ProjectConfigurationPlatforms) = postSolution
		{BF0CF757-E15F-444D-8E30-E12E0AE0DA72}.Debug|Any CPU.ActiveCfg = Debug|Any CPU
		{BF0CF757-E15F-444D-8E30-E12E0AE0DA72}.Debug|Any CPU.Build.0 = Debug|Any CPU
		{BF0CF757-E15F-444D-8E30-E12E0AE0DA72}.Release|Any CPU.ActiveCfg = Release|Any CPU
		{BF0CF757-E15F-444D-8E30-E12E0AE0DA72}.Release|Any CPU.Build.0 = Release|Any CPU
	EndGlobalSection
	GlobalSection(SolutionProperties) = preSolution
		HideSolutionNode = FALSE
	EndGlobalSection
	GlobalSection(ExtensibilityGlobals) = postSolution
		SolutionGuid = {A59E8B93-C224-42C5-9040-6EB21FEA68D0}
	EndGlobalSection
EndGlobal
